
Microsoft Visual Studio Solution File, Format Version 12.00
# Visual Studio Version 17
VisualStudioVersion = 17.6.33723.286
MinimumVisualStudioVersion = 10.0.40219.1
Project("{FAE04EC0-301F-11D3-BF4B-00C04F79EFBC}") = "ModelExample3", "ModelExample3.csproj", "{F7D96921-6B31-4904-B2CF-90DBE917C312}"
EndProject
Global
	GlobalSection(SolutionConfigurationPlatforms) = preSolution
		Debug|Any CPU = Debug|Any CPU
		Release|Any CPU = Release|Any CPU
	EndGlobalSection
	GlobalSection(ProjectConfigurationPlatforms) = postSolution
		{F7D96921-6B31-4904-B2CF-90DBE917C312}.Debug|Any CPU.ActiveCfg = Debug|Any CPU
		{F7D96921-6B31-4904-B2CF-90DBE917C312}.Debug|Any CPU.Build.0 = Debug|Any CPU
		{F7D96921-6B31-4904-B2CF-90DBE917C312}.Release|Any CPU.ActiveCfg = Release|Any CPU
		{F7D96921-6B31-4904-B2CF-90DBE917C312}.Release|Any CPU.Build.0 = Release|Any CPU
	EndGlobalSection
	GlobalSection(SolutionProperties) = preSolution
		HideSolutionNode = FALSE
	EndGlobalSection
	GlobalSection(ExtensibilityGlobals) = postSolution
		SolutionGuid = {99554348-D4E5-4404-B24C-CB16DAF4870C}
	EndGlobalSection
EndGlobal
